<Solution>
  <Folder Name="/src/">
    <Project Path="src/DotNetPerformanceLab/DotNetPerformanceLab.csproj" />
  </Folder>
  <Folder Name="/tests/">
    <Project Path="tests/DotNetPerformanceLab.Tests/DotNetPerformanceLab.Tests.csproj" />
    <Project Path="tests/DotNetPerformanceLab.TestTarget/DotNetPerformanceLab.TestTarget.csproj" />
  </Folder>
</Solution>
