{
  "name": "dotnet-performance-lab-web-assets",
  "version": "1.0.0",
  "lockfileVersion": 3,
  "requires": true,
  "packages": {
    "": {
      "name": "dotnet-performance-lab-web-assets",
      "version": "1.0.0",
      "license": "MIT",
      "dependencies": {
        "plotly.js-basic-dist-min": "4.0.0"
      }
    },
    "node_modules/plotly.js-basic-dist-min": {
      "version": "4.0.0",
      "resolved": "https://registry.npmjs.org/plotly.js-basic-dist-min/-/plotly.js-basic-dist-min-4.0.0.tgz",
      "integrity": "sha512-GGhpuikawKAGNQpPAeuvynUSI+BptB0NT6J0ofXfq2frGonhGG3zxrf6OVl/6aZhIeDaj7tP0Hb+de+QKVR08A==",
      "license": "MIT"
    }
  }
}
